
Microsoft Visual Studio Solution File, Format Version 12.00
# Visual Studio Version 17
VisualStudioVersion = 17.3.32819.101
MinimumVisualStudioVersion = 10.0.40219.1
Project("{FAE04EC0-301F-11D3-BF4B-00C04F79EFBC}") = "NZWalks.API", "NZWalks.API\NZWalks.API.csproj", "{6B83CED1-9D46-4A23-9F50-2E946DF057AD}"
EndProject
Global
	GlobalSection(SolutionConfigurationPlatforms) = preSolution
		Debug|Any CPU = Debug|Any CPU
		Release|Any CPU = Release|Any CPU
	EndGlobalSection
	GlobalSection(ProjectConfigurationPlatforms) = postSolution
		{6B83CED1-9D46-4A23-9F50-2E946DF057AD}.Debug|Any CPU.ActiveCfg = Debug|Any CPU
		{6B83CED1-9D46-4A23-9F50-2E946DF057AD}.Debug|Any CPU.Build.0 = Debug|Any CPU
		{6B83CED1-9D46-4A23-9F50-2E946DF057AD}.Release|Any CPU.ActiveCfg = Release|Any CPU
		{6B83CED1-9D46-4A23-9F50-2E946DF057AD}.Release|Any CPU.Build.0 = Release|Any CPU
	EndGlobalSection
	GlobalSection(SolutionProperties) = preSolution
		HideSolutionNode = FALSE
	EndGlobalSection
	GlobalSection(ExtensibilityGlobals) = postSolution
		SolutionGuid = {72BCD071-4E73-4381-90FF-27794AED4EF6}
	EndGlobalSection
EndGlobal
